
Microsoft Visual Studio Solution File, Format Version 12.00
# Visual Studio Version 17
VisualStudioVersion = 17.4.33122.133
MinimumVisualStudioVersion = 10.0.40219.1
Project("{FAE04EC0-301F-11D3-BF4B-00C04F79EFBC}") = "SocketChatApp01", "SocketChatApp01\SocketChatApp01.csproj", "{1D299538-6DDC-49F4-A63E-E81C670001D0}"
EndProject
Global
	GlobalSection(SolutionConfigurationPlatforms) = preSolution
		Debug|Any CPU = Debug|Any CPU
		Release|Any CPU = Release|Any CPU
	EndGlobalSection
	GlobalSection(ProjectConfigurationPlatforms) = postSolution
		{1D299538-6DDC-49F4-A63E-E81C670001D0}.Debug|Any CPU.ActiveCfg = Debug|Any CPU
		{1D299538-6DDC-49F4-A63E-E81C670001D0}.Debug|Any CPU.Build.0 = Debug|Any CPU
		{1D299538-6DDC-49F4-A63E-E81C670001D0}.Release|Any CPU.ActiveCfg = Release|Any CPU
		{1D299538-6DDC-49F4-A63E-E81C670001D0}.Release|Any CPU.Build.0 = Release|Any CPU
	EndGlobalSection
	GlobalSection(SolutionProperties) = preSolution
		HideSolutionNode = FALSE
	EndGlobalSection
	GlobalSection(ExtensibilityGlobals) = postSolution
		SolutionGuid = {45E879A7-60B4-4474-B54A-93A26BAE16AC}
	EndGlobalSection
EndGlobal
